
Microsoft Visual Studio Solution File, Format Version 12.00
# Visual Studio Version 17
VisualStudioVersion = 17.4.33403.182
MinimumVisualStudioVersion = 10.0.40219.1
Project("{FAE04EC0-301F-11D3-BF4B-00C04F79EFBC}") = "proba-memory game", "proba-memory game\proba-memory game.csproj", "{6B9CAE1F-AFA7-4143-974B-70E3236F7508}"
EndProject
Global
	GlobalSection(SolutionConfigurationPlatforms) = preSolution
		Debug|Any CPU = Debug|Any CPU
		Release|Any CPU = Release|Any CPU
	EndGlobalSection
	GlobalSection(ProjectConfigurationPlatforms) = postSolution
		{6B9CAE1F-AFA7-4143-974B-70E3236F7508}.Debug|Any CPU.ActiveCfg = Debug|Any CPU
		{6B9CAE1F-AFA7-4143-974B-70E3236F7508}.Debug|Any CPU.Build.0 = Debug|Any CPU
		{6B9CAE1F-AFA7-4143-974B-70E3236F7508}.Release|Any CPU.ActiveCfg = Release|Any CPU
		{6B9CAE1F-AFA7-4143-974B-70E3236F7508}.Release|Any CPU.Build.0 = Release|Any CPU
	EndGlobalSection
	GlobalSection(SolutionProperties) = preSolution
		HideSolutionNode = FALSE
	EndGlobalSection
	GlobalSection(ExtensibilityGlobals) = postSolution
		SolutionGuid = {12E1B2AE-984C-4817-BBF2-2DC581ED02AF}
	EndGlobalSection
EndGlobal
